
Microsoft Visual Studio Solution File, Format Version 12.00
# Visual Studio Version 16
VisualStudioVersion = 16.0.30225.117
MinimumVisualStudioVersion = 10.0.40219.1
Project("{FAE04EC0-301F-11D3-BF4B-00C04F79EFBC}") = "Image_IO", "Image_IO\Image_IO.csproj", "{0F9C071B-1EE5-40F0-B2E9-27512E1CBC8D}"
EndProject
Global
	GlobalSection(SolutionConfigurationPlatforms) = preSolution
		Debug|Any CPU = Debug|Any CPU
		Release|Any CPU = Release|Any CPU
	EndGlobalSection
	GlobalSection(ProjectConfigurationPlatforms) = postSolution
		{0F9C071B-1EE5-40F0-B2E9-27512E1CBC8D}.Debug|Any CPU.ActiveCfg = Debug|Any CPU
		{0F9C071B-1EE5-40F0-B2E9-27512E1CBC8D}.Debug|Any CPU.Build.0 = Debug|Any CPU
		{0F9C071B-1EE5-40F0-B2E9-27512E1CBC8D}.Release|Any CPU.ActiveCfg = Release|Any CPU
		{0F9C071B-1EE5-40F0-B2E9-27512E1CBC8D}.Release|Any CPU.Build.0 = Release|Any CPU
	EndGlobalSection
	GlobalSection(SolutionProperties) = preSolution
		HideSolutionNode = FALSE
	EndGlobalSection
	GlobalSection(ExtensibilityGlobals) = postSolution
		SolutionGuid = {8DB5C9C2-3AFD-4560-BF43-2C67F1D8F98B}
	EndGlobalSection
EndGlobal
